
Microsoft Visual Studio Solution File, Format Version 12.00
# Visual Studio Version 16
VisualStudioVersion = 16.0.31112.23
MinimumVisualStudioVersion = 10.0.40219.1
Project("{8BC9CEB8-8B4A-11D0-8D11-00A0C91BC942}") = "auto_update_helper", "auto_update_helper.vcxproj", "{9A61CB06-1A97-440C-A931-508C9019F0FB}"
EndProject
Project("{8BC9CEB8-8B4A-11D0-8D11-00A0C91BC942}") = "auto_update_service", "auto_update_service.vcxproj", "{7E157BD0-86F0-4325-848C-BA1C87D9C99C}"
EndProject
Global
	GlobalSection(SolutionConfigurationPlatforms) = preSolution
		Debug|x64 = Debug|x64
		Debug|x86 = Debug|x86
		Release|x64 = Release|x64
		Release|x86 = Release|x86
	EndGlobalSection
	GlobalSection(ProjectConfigurationPlatforms) = postSolution
		{9A61CB06-1A97-440C-A931-508C9019F0FB}.Debug|x64.ActiveCfg = Debug|x64
		{9A61CB06-1A97-440C-A931-508C9019F0FB}.Debug|x64.Build.0 = Debug|x64
		{9A61CB06-1A97-440C-A931-508C9019F0FB}.Debug|x86.ActiveCfg = Debug|Win32
		{9A61CB06-1A97-440C-A931-508C9019F0FB}.Debug|x86.Build.0 = Debug|Win32
		{9A61CB06-1A97-440C-A931-508C9019F0FB}.Release|x64.ActiveCfg = Release|x64
		{9A61CB06-1A97-440C-A931-508C9019F0FB}.Release|x64.Build.0 = Release|x64
		{9A61CB06-1A97-440C-A931-508C9019F0FB}.Release|x86.ActiveCfg = Release|Win32
		{9A61CB06-1A97-440C-A931-508C9019F0FB}.Release|x86.Build.0 = Release|Win32
		{7E157BD0-86F0-4325-848C-BA1C87D9C99C}.Debug|x64.ActiveCfg = Debug|x64
		{7E157BD0-86F0-4325-848C-BA1C87D9C99C}.Debug|x64.Build.0 = Debug|x64
		{7E157BD0-86F0-4325-848C-BA1C87D9C99C}.Debug|x86.ActiveCfg = Debug|Win32
		{7E157BD0-86F0-4325-848C-BA1C87D9C99C}.Debug|x86.Build.0 = Debug|Win32
		{7E157BD0-86F0-4325-848C-BA1C87D9C99C}.Release|x64.ActiveCfg = Release|x64
		{7E157BD0-86F0-4325-848C-BA1C87D9C99C}.Release|x64.Build.0 = Release|x64
		{7E157BD0-86F0-4325-848C-BA1C87D9C99C}.Release|x86.ActiveCfg = Release|Win32
		{7E157BD0-86F0-4325-848C-BA1C87D9C99C}.Release|x86.Build.0 = Release|Win32
	EndGlobalSection
	GlobalSection(SolutionProperties) = preSolution
		HideSolutionNode = FALSE
	EndGlobalSection
	GlobalSection(ExtensibilityGlobals) = postSolution
		SolutionGuid = {ACFD70FC-B270-4021-9FB7-2FB6C2EB1C43}
	EndGlobalSection
EndGlobal
