// !$*UTF8*$!
{
	archiveVersion = 1;
	classes = {
	};
	objectVersion = 46;
	objects = {

/* Begin PBXBuildFile section */
		3A10EBD41ED4336D0083702F /* MyInstallerPane.m in Sources */ = {isa = PBXBuildFile; fileRef = 3A10EBD31ED4336D0083702F /* MyInstallerPane.m */; };
		3A10EBD71ED4336D0083702F /* MyInstallerPane.xib in Resources */ = {isa = PBXBuildFile; fileRef = 3A10EBD51ED4336D0083702F /* MyInstallerPane.xib */; };
		3A10EBDA1ED4336D0083702F /* Localizable.strings in Resources */ = {isa = PBXBuildFile; fileRef = 3A10EBD81ED4336D0083702F /* Localizable.strings */; };
		3A10EBDC1ED4336D0083702F /* InstallerSections.plist in Resources */ = {isa = PBXBuildFile; fileRef = 3A10EBDB1ED4336D0083702F /* InstallerSections.plist */; };
		3A10EBE01ED4336D0083702F /* InfoPlist.strings in Resources */ = {isa = PBXBuildFile; fileRef = 3A10EBDE1ED4336D0083702F /* InfoPlist.strings */; };
/* End PBXBuildFile section */

/* Begin PBXFileReference section */
		3A10EBCF1ED4336D0083702F /* SymphonySettingsPlugin.bundle */ = {isa = PBXFileReference; explicitFileType = wrapper.cfbundle; includeInIndex = 0; path = SymphonySettingsPlugin.bundle; sourceTree = BUILT_PRODUCTS_DIR; };
		3A10EBD21ED4336D0083702F /* MyInstallerPane.h */ = {isa = PBXFileReference; lastKnownFileType = sourcecode.c.h; path = MyInstallerPane.h; sourceTree = "<group>"; };
		3A10EBD31ED4336D0083702F /* MyInstallerPane.m */ = {isa = PBXFileReference; lastKnownFileType = sourcecode.c.objc; path = MyInstallerPane.m; sourceTree = "<group>"; };
		3A10EBD61ED4336D0083702F /* Base */ = {isa = PBXFileReference; lastKnownFileType = file.xib; name = Base; path = Base.lproj/MyInstallerPane.xib; sourceTree = "<group>"; };
		3A10EBD91ED4336D0083702F /* en */ = {isa = PBXFileReference; lastKnownFileType = text.plist.strings; name = en; path = en.lproj/Localizable.strings; sourceTree = "<group>"; };
		3A10EBDB1ED4336D0083702F /* InstallerSections.plist */ = {isa = PBXFileReference; lastKnownFileType = text.plist.xml; path = InstallerSections.plist; sourceTree = "<group>"; };
		3A10EBDD1ED4336D0083702F /* Info.plist */ = {isa = PBXFileReference; lastKnownFileType = text.plist.xml; path = Info.plist; sourceTree = "<group>"; };
		3A10EBDF1ED4336D0083702F /* en */ = {isa = PBXFileReference; lastKnownFileType = text.plist.strings; name = en; path = en.lproj/InfoPlist.strings; sourceTree = "<group>"; };
/* End PBXFileReference section */

/* Begin PBXFrameworksBuildPhase section */
		3A10EBCC1ED4336D0083702F /* Frameworks */ = {
			isa = PBXFrameworksBuildPhase;
			buildActionMask = 2147483647;
			files = (
			);
			runOnlyForDeploymentPostprocessing = 0;
		};
/* End PBXFrameworksBuildPhase section */

/* Begin PBXGroup section */
		3A10EBC61ED4336D0083702F = {
			isa = PBXGroup;
			children = (
				3A10EBD11ED4336D0083702F /* SymphonySettingsPlugin */,
				3A10EBD01ED4336D0083702F /* Products */,
			);
			sourceTree = "<group>";
		};
		3A10EBD01ED4336D0083702F /* Products */ = {
			isa = PBXGroup;
			children = (
				3A10EBCF1ED4336D0083702F /* SymphonySettingsPlugin.bundle */,
			);
			name = Products;
			sourceTree = "<group>";
		};
		3A10EBD11ED4336D0083702F /* SymphonySettingsPlugin */ = {
			isa = PBXGroup;
			children = (
				3A10EBD21ED4336D0083702F /* MyInstallerPane.h */,
				3A10EBD31ED4336D0083702F /* MyInstallerPane.m */,
				3A10EBD51ED4336D0083702F /* MyInstallerPane.xib */,
				3A10EBD81ED4336D0083702F /* Localizable.strings */,
				3A10EBDB1ED4336D0083702F /* InstallerSections.plist */,
				3A10EBDD1ED4336D0083702F /* Info.plist */,
				3A10EBDE1ED4336D0083702F /* InfoPlist.strings */,
			);
			path = SymphonySettingsPlugin;
			sourceTree = "<group>";
		};
/* End PBXGroup section */

/* Begin PBXNativeTarget section */
		3A10EBCE1ED4336D0083702F /* SymphonySettingsPlugin */ = {
			isa = PBXNativeTarget;
			buildConfigurationList = 3A10EBE31ED4336D0083702F /* Build configuration list for PBXNativeTarget "SymphonySettingsPlugin" */;
			buildPhases = (
				3A10EBCB1ED4336D0083702F /* Sources */,
				3A10EBCC1ED4336D0083702F /* Frameworks */,
				3A10EBCD1ED4336D0083702F /* Resources */,
			);
			buildRules = (
			);
			dependencies = (
			);
			name = SymphonySettingsPlugin;
			productName = SymphonySettingsPlugin;
			productReference = 3A10EBCF1ED4336D0083702F /* SymphonySettingsPlugin.bundle */;
			productType = "com.apple.product-type.bundle";
		};
/* End PBXNativeTarget section */

/* Begin PBXProject section */
		3A10EBC71ED4336D0083702F /* Project object */ = {
			isa = PBXProject;
			attributes = {
				LastUpgradeCheck = 0930;
				ORGANIZATIONNAME = Symphony;
				TargetAttributes = {
					3A10EBCE1ED4336D0083702F = {
						CreatedOnToolsVersion = 8.3.2;
						DevelopmentTeam = 7S74264P3V;
						ProvisioningStyle = Automatic;
					};
				};
			};
			buildConfigurationList = 3A10EBCA1ED4336D0083702F /* Build configuration list for PBXProject "SymphonySettingsPlugin" */;
			compatibilityVersion = "Xcode 3.2";
			developmentRegion = English;
			hasScannedForEncodings = 0;
			knownRegions = (
				en,
				Base,
			);
			mainGroup = 3A10EBC61ED4336D0083702F;
			productRefGroup = 3A10EBD01ED4336D0083702F /* Products */;
			projectDirPath = "";
			projectRoot = "";
			targets = (
				3A10EBCE1ED4336D0083702F /* SymphonySettingsPlugin */,
			);
		};
/* End PBXProject section */

/* Begin PBXResourcesBuildPhase section */
		3A10EBCD1ED4336D0083702F /* Resources */ = {
			isa = PBXResourcesBuildPhase;
			buildActionMask = 2147483647;
			files = (
				3A10EBD71ED4336D0083702F /* MyInstallerPane.xib in Resources */,
				3A10EBE01ED4336D0083702F /* InfoPlist.strings in Resources */,
				3A10EBDA1ED4336D0083702F /* Localizable.strings in Resources */,
				3A10EBDC1ED4336D0083702F /* InstallerSections.plist in Resources */,
			);
			runOnlyForDeploymentPostprocessing = 0;
		};
/* End PBXResourcesBuildPhase section */

/* Begin PBXSourcesBuildPhase section */
		3A10EBCB1ED4336D0083702F /* Sources */ = {
			isa = PBXSourcesBuildPhase;
			buildActionMask = 2147483647;
			files = (
				3A10EBD41ED4336D0083702F /* MyInstallerPane.m in Sources */,
			);
			runOnlyForDeploymentPostprocessing = 0;
		};
/* End PBXSourcesBuildPhase section */

/* Begin PBXVariantGroup section */
		3A10EBD51ED4336D0083702F /* MyInstallerPane.xib */ = {
			isa = PBXVariantGroup;
			children = (
				3A10EBD61ED4336D0083702F /* Base */,
			);
			name = MyInstallerPane.xib;
			sourceTree = "<group>";
		};
		3A10EBD81ED4336D0083702F /* Localizable.strings */ = {
			isa = PBXVariantGroup;
			children = (
				3A10EBD91ED4336D0083702F /* en */,
			);
			name = Localizable.strings;
			sourceTree = "<group>";
		};
		3A10EBDE1ED4336D0083702F /* InfoPlist.strings */ = {
			isa = PBXVariantGroup;
			children = (
				3A10EBDF1ED4336D0083702F /* en */,
			);
			name = InfoPlist.strings;
			sourceTree = "<group>";
		};
/* End PBXVariantGroup section */

/* Begin XCBuildConfiguration section */
		3A10EBE11ED4336D0083702F /* Debug */ = {
			isa = XCBuildConfiguration;
			buildSettings = {
				ALWAYS_SEARCH_USER_PATHS = NO;
				CLANG_ANALYZER_NONNULL = YES;
				CLANG_ANALYZER_NUMBER_OBJECT_CONVERSION = YES_AGGRESSIVE;
				CLANG_CXX_LANGUAGE_STANDARD = "gnu++0x";
				CLANG_CXX_LIBRARY = "libc++";
				CLANG_ENABLE_MODULES = YES;
				CLANG_ENABLE_OBJC_ARC = YES;
				CLANG_WARN_BLOCK_CAPTURE_AUTORELEASING = YES;
				CLANG_WARN_BOOL_CONVERSION = YES;
				CLANG_WARN_COMMA = YES;
				CLANG_WARN_CONSTANT_CONVERSION = YES;
				CLANG_WARN_DEPRECATED_OBJC_IMPLEMENTATIONS = YES;
				CLANG_WARN_DIRECT_OBJC_ISA_USAGE = YES_ERROR;
				CLANG_WARN_DOCUMENTATION_COMMENTS = YES;
				CLANG_WARN_EMPTY_BODY = YES;
				CLANG_WARN_ENUM_CONVERSION = YES;
				CLANG_WARN_INFINITE_RECURSION = YES;
				CLANG_WARN_INT_CONVERSION = YES;
				CLANG_WARN_NON_LITERAL_NULL_CONVERSION = YES;
				CLANG_WARN_OBJC_IMPLICIT_RETAIN_SELF = YES;
				CLANG_WARN_OBJC_LITERAL_CONVERSION = YES;
				CLANG_WARN_OBJC_ROOT_CLASS = YES_ERROR;
				CLANG_WARN_RANGE_LOOP_ANALYSIS = YES;
				CLANG_WARN_STRICT_PROTOTYPES = YES;
				CLANG_WARN_SUSPICIOUS_MOVE = YES;
				CLANG_WARN_UNREACHABLE_CODE = YES;
				CLANG_WARN__DUPLICATE_METHOD_MATCH = YES;
				CODE_SIGN_IDENTITY = "-";
				COPY_PHASE_STRIP = NO;
				DEBUG_INFORMATION_FORMAT = dwarf;
				ENABLE_STRICT_OBJC_MSGSEND = YES;
				ENABLE_TESTABILITY = YES;
				GCC_C_LANGUAGE_STANDARD = gnu99;
				GCC_DYNAMIC_NO_PIC = NO;
				GCC_NO_COMMON_BLOCKS = YES;
				GCC_OPTIMIZATION_LEVEL = 0;
				GCC_PREPROCESSOR_DEFINITIONS = (
					"DEBUG=1",
					"$(inherited)",
				);
				GCC_WARN_64_TO_32_BIT_CONVERSION = YES;
				GCC_WARN_ABOUT_RETURN_TYPE = YES_ERROR;
				GCC_WARN_UNDECLARED_SELECTOR = YES;
				GCC_WARN_UNINITIALIZED_AUTOS = YES_AGGRESSIVE;
				GCC_WARN_UNUSED_FUNCTION = YES;
				GCC_WARN_UNUSED_VARIABLE = YES;
				MACOSX_DEPLOYMENT_TARGET = 10.7;
				MTL_ENABLE_DEBUG_INFO = YES;
				ONLY_ACTIVE_ARCH = YES;
				SDKROOT = macosx;
			};
			name = Debug;
		};
		3A10EBE21ED4336D0083702F /* Release */ = {
			isa = XCBuildConfiguration;
			buildSettings = {
				ALWAYS_SEARCH_USER_PATHS = NO;
				CLANG_ANALYZER_NONNULL = YES;
				CLANG_ANALYZER_NUMBER_OBJECT_CONVERSION = YES_AGGRESSIVE;
				CLANG_CXX_LANGUAGE_STANDARD = "gnu++0x";
				CLANG_CXX_LIBRARY = "libc++";
				CLANG_ENABLE_MODULES = YES;
				CLANG_ENABLE_OBJC_ARC = YES;
				CLANG_WARN_BLOCK_CAPTURE_AUTORELEASING = YES;
				CLANG_WARN_BOOL_CONVERSION = YES;
				CLANG_WARN_COMMA = YES;
				CLANG_WARN_CONSTANT_CONVERSION = YES;
				CLANG_WARN_DEPRECATED_OBJC_IMPLEMENTATIONS = YES;
				CLANG_WARN_DIRECT_OBJC_ISA_USAGE = YES_ERROR;
				CLANG_WARN_DOCUMENTATION_COMMENTS = YES;
				CLANG_WARN_EMPTY_BODY = YES;
				CLANG_WARN_ENUM_CONVERSION = YES;
				CLANG_WARN_INFINITE_RECURSION = YES;
				CLANG_WARN_INT_CONVERSION = YES;
				CLANG_WARN_NON_LITERAL_NULL_CONVERSION = YES;
				CLANG_WARN_OBJC_IMPLICIT_RETAIN_SELF = YES;
				CLANG_WARN_OBJC_LITERAL_CONVERSION = YES;
				CLANG_WARN_OBJC_ROOT_CLASS = YES_ERROR;
				CLANG_WARN_RANGE_LOOP_ANALYSIS = YES;
				CLANG_WARN_STRICT_PROTOTYPES = YES;
				CLANG_WARN_SUSPICIOUS_MOVE = YES;
				CLANG_WARN_UNREACHABLE_CODE = YES;
				CLANG_WARN__DUPLICATE_METHOD_MATCH = YES;
				CODE_SIGN_IDENTITY = "-";
				COPY_PHASE_STRIP = NO;
				DEBUG_INFORMATION_FORMAT = "dwarf-with-dsym";
				ENABLE_NS_ASSERTIONS = NO;
				ENABLE_STRICT_OBJC_MSGSEND = YES;
				GCC_C_LANGUAGE_STANDARD = gnu99;
				GCC_NO_COMMON_BLOCKS = YES;
				GCC_WARN_64_TO_32_BIT_CONVERSION = YES;
				GCC_WARN_ABOUT_RETURN_TYPE = YES_ERROR;
				GCC_WARN_UNDECLARED_SELECTOR = YES;
				GCC_WARN_UNINITIALIZED_AUTOS = YES_AGGRESSIVE;
				GCC_WARN_UNUSED_FUNCTION = YES;
				GCC_WARN_UNUSED_VARIABLE = YES;
				MACOSX_DEPLOYMENT_TARGET = 10.7;
				MTL_ENABLE_DEBUG_INFO = NO;
				SDKROOT = macosx;
			};
			name = Release;
		};
		3A10EBE41ED4336D0083702F /* Debug */ = {
			isa = XCBuildConfiguration;
			buildSettings = {
				CODE_SIGN_IDENTITY = "Mac Developer";
				COMBINE_HIDPI_IMAGES = YES;
				DEVELOPMENT_TEAM = 7S74264P3V;
				INFOPLIST_FILE = SymphonySettingsPlugin/Info.plist;
				INSTALL_PATH = "$(HOME)/Library/Bundles";
				MACOSX_DEPLOYMENT_TARGET = 10.10;
				PRODUCT_BUNDLE_IDENTIFIER = com.symphony.SymphonySettingsPlugin;
				PRODUCT_NAME = "$(TARGET_NAME)";
				PROVISIONING_PROFILE_SPECIFIER = "";
				WRAPPER_EXTENSION = bundle;
			};
			name = Debug;
		};
		3A10EBE51ED4336D0083702F /* Release */ = {
			isa = XCBuildConfiguration;
			buildSettings = {
				CODE_SIGN_IDENTITY = "Mac Developer";
				COMBINE_HIDPI_IMAGES = YES;
				DEVELOPMENT_TEAM = 7S74264P3V;
				INFOPLIST_FILE = SymphonySettingsPlugin/Info.plist;
				INSTALL_PATH = "$(HOME)/Library/Bundles";
				MACOSX_DEPLOYMENT_TARGET = 10.10;
				PRODUCT_BUNDLE_IDENTIFIER = com.symphony.SymphonySettingsPlugin;
				PRODUCT_NAME = "$(TARGET_NAME)";
				PROVISIONING_PROFILE_SPECIFIER = "";
				WRAPPER_EXTENSION = bundle;
			};
			name = Release;
		};
/* End XCBuildConfiguration section */

/* Begin XCConfigurationList section */
		3A10EBCA1ED4336D0083702F /* Build configuration list for PBXProject "SymphonySettingsPlugin" */ = {
			isa = XCConfigurationList;
			buildConfigurations = (
				3A10EBE11ED4336D0083702F /* Debug */,
				3A10EBE21ED4336D0083702F /* Release */,
			);
			defaultConfigurationIsVisible = 0;
			defaultConfigurationName = Release;
		};
		3A10EBE31ED4336D0083702F /* Build configuration list for PBXNativeTarget "SymphonySettingsPlugin" */ = {
			isa = XCConfigurationList;
			buildConfigurations = (
				3A10EBE41ED4336D0083702F /* Debug */,
				3A10EBE51ED4336D0083702F /* Release */,
			);
			defaultConfigurationIsVisible = 0;
			defaultConfigurationName = Release;
		};
/* End XCConfigurationList section */
	};
	rootObject = 3A10EBC71ED4336D0083702F /* Project object */;
}
